
Microsoft Visual Studio Solution File, Format Version 12.00
# Visual Studio Version 17
VisualStudioVersion = 17.10.35122.118
MinimumVisualStudioVersion = 10.0.40219.1
Project("{FAE04EC0-301F-11D3-BF4B-00C04F79EFBC}") = "GameCaro", "GameCaro\GameCaro.csproj", "{53D858A4-D621-4D58-8273-01837E6F0788}"
EndProject
Global
	GlobalSection(SolutionConfigurationPlatforms) = preSolution
		Debug|Any CPU = Debug|Any CPU
		Release|Any CPU = Release|Any CPU
	EndGlobalSection
	GlobalSection(ProjectConfigurationPlatforms) = postSolution
		{53D858A4-D621-4D58-8273-01837E6F0788}.Debug|Any CPU.ActiveCfg = Debug|Any CPU
		{53D858A4-D621-4D58-8273-01837E6F0788}.Debug|Any CPU.Build.0 = Debug|Any CPU
		{53D858A4-D621-4D58-8273-01837E6F0788}.Release|Any CPU.ActiveCfg = Release|Any CPU
		{53D858A4-D621-4D58-8273-01837E6F0788}.Release|Any CPU.Build.0 = Release|Any CPU
	EndGlobalSection
	GlobalSection(SolutionProperties) = preSolution
		HideSolutionNode = FALSE
	EndGlobalSection
	GlobalSection(ExtensibilityGlobals) = postSolution
		SolutionGuid = {DF2335FD-4170-460E-9402-2166A9D4E619}
	EndGlobalSection
EndGlobal
